// !$*UTF8*$!
{
	archiveVersion = 1;
	classes = {
	};
	objectVersion = 50;
	objects = {

/* Begin PBXBuildFile section */
		302E8DC4269360B4007D029C /* AppDelegate.swift in Sources */ = {isa = PBXBuildFile; fileRef = 302E8DC3269360B4007D029C /* AppDelegate.swift */; };
		302E8DC6269360B4007D029C /* SceneDelegate.swift in Sources */ = {isa = PBXBuildFile; fileRef = 302E8DC5269360B4007D029C /* SceneDelegate.swift */; };
		302E8DC8269360B4007D029C /* ViewController.swift in Sources */ = {isa = PBXBuildFile; fileRef = 302E8DC7269360B4007D029C /* ViewController.swift */; };
		302E8DCB269360B4007D029C /* Main.storyboard in Resources */ = {isa = PBXBuildFile; fileRef = 302E8DC9269360B4007D029C /* Main.storyboard */; };
		302E8DCD269360B4007D029C /* Assets.xcassets in Resources */ = {isa = PBXBuildFile; fileRef = 302E8DCC269360B4007D029C /* Assets.xcassets */; };
		302E8DD0269360B4007D029C /* LaunchScreen.storyboard in Resources */ = {isa = PBXBuildFile; fileRef = 302E8DCE269360B4007D029C /* LaunchScreen.storyboard */; };
		302E8DDB269360B5007D029C /* JSONPerformanceTests.swift in Sources */ = {isa = PBXBuildFile; fileRef = 302E8DDA269360B5007D029C /* JSONPerformanceTests.swift */; };
		302E8DE6269360B5007D029C /* JSONPerformanceUITests.swift in Sources */ = {isa = PBXBuildFile; fileRef = 302E8DE5269360B5007D029C /* JSONPerformanceUITests.swift */; };
		4A69E14A87F8AE5694B14C63 /* Pods_JSONPerformanceTests.framework in Frameworks */ = {isa = PBXBuildFile; fileRef = A863F3A8D3D9D9D434E9693E /* Pods_JSONPerformanceTests.framework */; };
		59F159B42175F11667618C47 /* Pods_JSONPerformance_JSONPerformanceUITests.framework in Frameworks */ = {isa = PBXBuildFile; fileRef = F27B4D17676485E276AF0F54 /* Pods_JSONPerformance_JSONPerformanceUITests.framework */; };
		AEE9953E8DE73CB1A32F8C4E /* Pods_JSONPerformance.framework in Frameworks */ = {isa = PBXBuildFile; fileRef = F9F18EA8447074A7AFE305E6 /* Pods_JSONPerformance.framework */; };
/* End PBXBuildFile section */

/* Begin PBXContainerItemProxy section */
		302E8DD7269360B5007D029C /* PBXContainerItemProxy */ = {
			isa = PBXContainerItemProxy;
			containerPortal = 302E8DB8269360B4007D029C /* Project object */;
			proxyType = 1;
			remoteGlobalIDString = 302E8DBF269360B4007D029C;
			remoteInfo = JSONPerformance;
		};
		302E8DE2269360B5007D029C /* PBXContainerItemProxy */ = {
			isa = PBXContainerItemProxy;
			containerPortal = 302E8DB8269360B4007D029C /* Project object */;
			proxyType = 1;
			remoteGlobalIDString = 302E8DBF269360B4007D029C;
			remoteInfo = JSONPerformance;
		};
/* End PBXContainerItemProxy section */

/* Begin PBXFileReference section */
		16B8FF16673D665D6B9CED3C /* Pods-JSONPerformanceTests.release.xcconfig */ = {isa = PBXFileReference; includeInIndex = 1; lastKnownFileType = text.xcconfig; name = "Pods-JSONPerformanceTests.release.xcconfig"; path = "Target Support Files/Pods-JSONPerformanceTests/Pods-JSONPerformanceTests.release.xcconfig"; sourceTree = "<group>"; };
		302E8DC0269360B4007D029C /* JSONPerformance.app */ = {isa = PBXFileReference; explicitFileType = wrapper.application; includeInIndex = 0; path = JSONPerformance.app; sourceTree = BUILT_PRODUCTS_DIR; };
		302E8DC3269360B4007D029C /* AppDelegate.swift */ = {isa = PBXFileReference; lastKnownFileType = sourcecode.swift; path = AppDelegate.swift; sourceTree = "<group>"; };
		302E8DC5269360B4007D029C /* SceneDelegate.swift */ = {isa = PBXFileReference; lastKnownFileType = sourcecode.swift; path = SceneDelegate.swift; sourceTree = "<group>"; };
		302E8DC7269360B4007D029C /* ViewController.swift */ = {isa = PBXFileReference; lastKnownFileType = sourcecode.swift; path = ViewController.swift; sourceTree = "<group>"; };
		302E8DCA269360B4007D029C /* Base */ = {isa = PBXFileReference; lastKnownFileType = file.storyboard; name = Base; path = Base.lproj/Main.storyboard; sourceTree = "<group>"; };
		302E8DCC269360B4007D029C /* Assets.xcassets */ = {isa = PBXFileReference; lastKnownFileType = folder.assetcatalog; path = Assets.xcassets; sourceTree = "<group>"; };
		302E8DCF269360B4007D029C /* Base */ = {isa = PBXFileReference; lastKnownFileType = file.storyboard; name = Base; path = Base.lproj/LaunchScreen.storyboard; sourceTree = "<group>"; };
		302E8DD1269360B4007D029C /* Info.plist */ = {isa = PBXFileReference; lastKnownFileType = text.plist.xml; path = Info.plist; sourceTree = "<group>"; };
		302E8DD6269360B5007D029C /* JSONPerformanceTests.xctest */ = {isa = PBXFileReference; explicitFileType = wrapper.cfbundle; includeInIndex = 0; path = JSONPerformanceTests.xctest; sourceTree = BUILT_PRODUCTS_DIR; };
		302E8DDA269360B5007D029C /* JSONPerformanceTests.swift */ = {isa = PBXFileReference; lastKnownFileType = sourcecode.swift; path = JSONPerformanceTests.swift; sourceTree = "<group>"; };
		302E8DDC269360B5007D029C /* Info.plist */ = {isa = PBXFileReference; lastKnownFileType = text.plist.xml; path = Info.plist; sourceTree = "<group>"; };
		302E8DE1269360B5007D029C /* JSONPerformanceUITests.xctest */ = {isa = PBXFileReference; explicitFileType = wrapper.cfbundle; includeInIndex = 0; path = JSONPerformanceUITests.xctest; sourceTree = BUILT_PRODUCTS_DIR; };
		302E8DE5269360B5007D029C /* JSONPerformanceUITests.swift */ = {isa = PBXFileReference; lastKnownFileType = sourcecode.swift; path = JSONPerformanceUITests.swift; sourceTree = "<group>"; };
		302E8DE7269360B5007D029C /* Info.plist */ = {isa = PBXFileReference; lastKnownFileType = text.plist.xml; path = Info.plist; sourceTree = "<group>"; };
		91F7C2444CAC4D18D8322CA8 /* Pods-JSONPerformance.debug.xcconfig */ = {isa = PBXFileReference; includeInIndex = 1; lastKnownFileType = text.xcconfig; name = "Pods-JSONPerformance.debug.xcconfig"; path = "Target Support Files/Pods-JSONPerformance/Pods-JSONPerformance.debug.xcconfig"; sourceTree = "<group>"; };
		9B9C543E710B12CD9A26412A /* Pods-JSONPerformance-JSONPerformanceUITests.debug.xcconfig */ = {isa = PBXFileReference; includeInIndex = 1; lastKnownFileType = text.xcconfig; name = "Pods-JSONPerformance-JSONPerformanceUITests.debug.xcconfig"; path = "Target Support Files/Pods-JSONPerformance-JSONPerformanceUITests/Pods-JSONPerformance-JSONPerformanceUITests.debug.xcconfig"; sourceTree = "<group>"; };
		A863F3A8D3D9D9D434E9693E /* Pods_JSONPerformanceTests.framework */ = {isa = PBXFileReference; explicitFileType = wrapper.framework; includeInIndex = 0; path = Pods_JSONPerformanceTests.framework; sourceTree = BUILT_PRODUCTS_DIR; };
		AC45713096D633022F78D949 /* Pods-JSONPerformanceTests.debug.xcconfig */ = {isa = PBXFileReference; includeInIndex = 1; lastKnownFileType = text.xcconfig; name = "Pods-JSONPerformanceTests.debug.xcconfig"; path = "Target Support Files/Pods-JSONPerformanceTests/Pods-JSONPerformanceTests.debug.xcconfig"; sourceTree = "<group>"; };
		CECEDB1C9DF68F265B43E363 /* Pods-JSONPerformance.release.xcconfig */ = {isa = PBXFileReference; includeInIndex = 1; lastKnownFileType = text.xcconfig; name = "Pods-JSONPerformance.release.xcconfig"; path = "Target Support Files/Pods-JSONPerformance/Pods-JSONPerformance.release.xcconfig"; sourceTree = "<group>"; };
		F27B4D17676485E276AF0F54 /* Pods_JSONPerformance_JSONPerformanceUITests.framework */ = {isa = PBXFileReference; explicitFileType = wrapper.framework; includeInIndex = 0; path = Pods_JSONPerformance_JSONPerformanceUITests.framework; sourceTree = BUILT_PRODUCTS_DIR; };
		F48A768881C54939C0003DF0 /* Pods-JSONPerformance-JSONPerformanceUITests.release.xcconfig */ = {isa = PBXFileReference; includeInIndex = 1; lastKnownFileType = text.xcconfig; name = "Pods-JSONPerformance-JSONPerformanceUITests.release.xcconfig"; path = "Target Support Files/Pods-JSONPerformance-JSONPerformanceUITests/Pods-JSONPerformance-JSONPerformanceUITests.release.xcconfig"; sourceTree = "<group>"; };
		F9F18EA8447074A7AFE305E6 /* Pods_JSONPerformance.framework */ = {isa = PBXFileReference; explicitFileType = wrapper.framework; includeInIndex = 0; path = Pods_JSONPerformance.framework; sourceTree = BUILT_PRODUCTS_DIR; };
/* End PBXFileReference section */

/* Begin PBXFrameworksBuildPhase section */
		302E8DBD269360B4007D029C /* Frameworks */ = {
			isa = PBXFrameworksBuildPhase;
			buildActionMask = 2147483647;
			files = (
				AEE9953E8DE73CB1A32F8C4E /* Pods_JSONPerformance.framework in Frameworks */,
			);
			runOnlyForDeploymentPostprocessing = 0;
		};
		302E8DD3269360B5007D029C /* Frameworks */ = {
			isa = PBXFrameworksBuildPhase;
			buildActionMask = 2147483647;
			files = (
				4A69E14A87F8AE5694B14C63 /* Pods_JSONPerformanceTests.framework in Frameworks */,
			);
			runOnlyForDeploymentPostprocessing = 0;
		};
		302E8DDE269360B5007D029C /* Frameworks */ = {
			isa = PBXFrameworksBuildPhase;
			buildActionMask = 2147483647;
			files = (
				59F159B42175F11667618C47 /* Pods_JSONPerformance_JSONPerformanceUITests.framework in Frameworks */,
			);
			runOnlyForDeploymentPostprocessing = 0;
		};
/* End PBXFrameworksBuildPhase section */

/* Begin PBXGroup section */
		302E8DB7269360B4007D029C = {
			isa = PBXGroup;
			children = (
				302E8DC2269360B4007D029C /* JSONPerformance */,
				302E8DD9269360B5007D029C /* JSONPerformanceTests */,
				302E8DE4269360B5007D029C /* JSONPerformanceUITests */,
				302E8DC1269360B4007D029C /* Products */,
				72CE5BDDD00509D37409EE40 /* Pods */,
				E4D05B68F1872EC2A3BDAD74 /* Frameworks */,
			);
			sourceTree = "<group>";
		};
		302E8DC1269360B4007D029C /* Products */ = {
			isa = PBXGroup;
			children = (
				302E8DC0269360B4007D029C /* JSONPerformance.app */,
				302E8DD6269360B5007D029C /* JSONPerformanceTests.xctest */,
				302E8DE1269360B5007D029C /* JSONPerformanceUITests.xctest */,
			);
			name = Products;
			sourceTree = "<group>";
		};
		302E8DC2269360B4007D029C /* JSONPerformance */ = {
			isa = PBXGroup;
			children = (
				302E8DC3269360B4007D029C /* AppDelegate.swift */,
				302E8DC5269360B4007D029C /* SceneDelegate.swift */,
				302E8DC7269360B4007D029C /* ViewController.swift */,
				302E8DC9269360B4007D029C /* Main.storyboard */,
				302E8DCC269360B4007D029C /* Assets.xcassets */,
				302E8DCE269360B4007D029C /* LaunchScreen.storyboard */,
				302E8DD1269360B4007D029C /* Info.plist */,
			);
			path = JSONPerformance;
			sourceTree = "<group>";
		};
		302E8DD9269360B5007D029C /* JSONPerformanceTests */ = {
			isa = PBXGroup;
			children = (
				302E8DDA269360B5007D029C /* JSONPerformanceTests.swift */,
				302E8DDC269360B5007D029C /* Info.plist */,
			);
			path = JSONPerformanceTests;
			sourceTree = "<group>";
		};
		302E8DE4269360B5007D029C /* JSONPerformanceUITests */ = {
			isa = PBXGroup;
			children = (
				302E8DE5269360B5007D029C /* JSONPerformanceUITests.swift */,
				302E8DE7269360B5007D029C /* Info.plist */,
			);
			path = JSONPerformanceUITests;
			sourceTree = "<group>";
		};
		72CE5BDDD00509D37409EE40 /* Pods */ = {
			isa = PBXGroup;
			children = (
				91F7C2444CAC4D18D8322CA8 /* Pods-JSONPerformance.debug.xcconfig */,
				CECEDB1C9DF68F265B43E363 /* Pods-JSONPerformance.release.xcconfig */,
				9B9C543E710B12CD9A26412A /* Pods-JSONPerformance-JSONPerformanceUITests.debug.xcconfig */,
				F48A768881C54939C0003DF0 /* Pods-JSONPerformance-JSONPerformanceUITests.release.xcconfig */,
				AC45713096D633022F78D949 /* Pods-JSONPerformanceTests.debug.xcconfig */,
				16B8FF16673D665D6B9CED3C /* Pods-JSONPerformanceTests.release.xcconfig */,
			);
			name = Pods;
			path = Pods;
			sourceTree = "<group>";
		};
		E4D05B68F1872EC2A3BDAD74 /* Frameworks */ = {
			isa = PBXGroup;
			children = (
				F9F18EA8447074A7AFE305E6 /* Pods_JSONPerformance.framework */,
				F27B4D17676485E276AF0F54 /* Pods_JSONPerformance_JSONPerformanceUITests.framework */,
				A863F3A8D3D9D9D434E9693E /* Pods_JSONPerformanceTests.framework */,
			);
			name = Frameworks;
			sourceTree = "<group>";
		};
/* End PBXGroup section */

/* Begin PBXNativeTarget section */
		302E8DBF269360B4007D029C /* JSONPerformance */ = {
			isa = PBXNativeTarget;
			buildConfigurationList = 302E8DEA269360B5007D029C /* Build configuration list for PBXNativeTarget "JSONPerformance" */;
			buildPhases = (
				D5D707E7E43C86CD071A0673 /* [CP] Check Pods Manifest.lock */,
				302E8DBC269360B4007D029C /* Sources */,
				302E8DBD269360B4007D029C /* Frameworks */,
				302E8DBE269360B4007D029C /* Resources */,
				6B00CCF73491BCE73887A26B /* [CP] Embed Pods Frameworks */,
			);
			buildRules = (
			);
			dependencies = (
			);
			name = JSONPerformance;
			productName = JSONPerformance;
			productReference = 302E8DC0269360B4007D029C /* JSONPerformance.app */;
			productType = "com.apple.product-type.application";
		};
		302E8DD5269360B5007D029C /* JSONPerformanceTests */ = {
			isa = PBXNativeTarget;
			buildConfigurationList = 302E8DED269360B5007D029C /* Build configuration list for PBXNativeTarget "JSONPerformanceTests" */;
			buildPhases = (
				7120A1CC866DDA5822A035F8 /* [CP] Check Pods Manifest.lock */,
				302E8DD2269360B5007D029C /* Sources */,
				302E8DD3269360B5007D029C /* Frameworks */,
				302E8DD4269360B5007D029C /* Resources */,
				A06426355EC41B7D80A2C56B /* [CP] Embed Pods Frameworks */,
			);
			buildRules = (
			);
			dependencies = (
				302E8DD8269360B5007D029C /* PBXTargetDependency */,
			);
			name = JSONPerformanceTests;
			productName = JSONPerformanceTests;
			productReference = 302E8DD6269360B5007D029C /* JSONPerformanceTests.xctest */;
			productType = "com.apple.product-type.bundle.unit-test";
		};
		302E8DE0269360B5007D029C /* JSONPerformanceUITests */ = {
			isa = PBXNativeTarget;
			buildConfigurationList = 302E8DF0269360B5007D029C /* Build configuration list for PBXNativeTarget "JSONPerformanceUITests" */;
			buildPhases = (
				40FAAF47AA210E64751E86D7 /* [CP] Check Pods Manifest.lock */,
				302E8DDD269360B5007D029C /* Sources */,
				302E8DDE269360B5007D029C /* Frameworks */,
				302E8DDF269360B5007D029C /* Resources */,
				EA367CE5A414F0D6AB703C20 /* [CP] Embed Pods Frameworks */,
			);
			buildRules = (
			);
			dependencies = (
				302E8DE3269360B5007D029C /* PBXTargetDependency */,
			);
			name = JSONPerformanceUITests;
			productName = JSONPerformanceUITests;
			productReference = 302E8DE1269360B5007D029C /* JSONPerformanceUITests.xctest */;
			productType = "com.apple.product-type.bundle.ui-testing";
		};
/* End PBXNativeTarget section */

/* Begin PBXProject section */
		302E8DB8269360B4007D029C /* Project object */ = {
			isa = PBXProject;
			attributes = {
				LastSwiftUpdateCheck = 1250;
				LastUpgradeCheck = 1250;
				TargetAttributes = {
					302E8DBF269360B4007D029C = {
						CreatedOnToolsVersion = 12.5.1;
					};
					302E8DD5269360B5007D029C = {
						CreatedOnToolsVersion = 12.5.1;
						TestTargetID = 302E8DBF269360B4007D029C;
					};
					302E8DE0269360B5007D029C = {
						CreatedOnToolsVersion = 12.5.1;
						TestTargetID = 302E8DBF269360B4007D029C;
					};
				};
			};
			buildConfigurationList = 302E8DBB269360B4007D029C /* Build configuration list for PBXProject "JSONPerformance" */;
			compatibilityVersion = "Xcode 9.3";
			developmentRegion = en;
			hasScannedForEncodings = 0;
			knownRegions = (
				en,
				Base,
			);
			mainGroup = 302E8DB7269360B4007D029C;
			productRefGroup = 302E8DC1269360B4007D029C /* Products */;
			projectDirPath = "";
			projectRoot = "";
			targets = (
				302E8DBF269360B4007D029C /* JSONPerformance */,
				302E8DD5269360B5007D029C /* JSONPerformanceTests */,
				302E8DE0269360B5007D029C /* JSONPerformanceUITests */,
			);
		};
/* End PBXProject section */

/* Begin PBXResourcesBuildPhase section */
		302E8DBE269360B4007D029C /* Resources */ = {
			isa = PBXResourcesBuildPhase;
			buildActionMask = 2147483647;
			files = (
				302E8DD0269360B4007D029C /* LaunchScreen.storyboard in Resources */,
				302E8DCD269360B4007D029C /* Assets.xcassets in Resources */,
				302E8DCB269360B4007D029C /* Main.storyboard in Resources */,
			);
			runOnlyForDeploymentPostprocessing = 0;
		};
		302E8DD4269360B5007D029C /* Resources */ = {
			isa = PBXResourcesBuildPhase;
			buildActionMask = 2147483647;
			files = (
			);
			runOnlyForDeploymentPostprocessing = 0;
		};
		302E8DDF269360B5007D029C /* Resources */ = {
			isa = PBXResourcesBuildPhase;
			buildActionMask = 2147483647;
			files = (
			);
			runOnlyForDeploymentPostprocessing = 0;
		};
/* End PBXResourcesBuildPhase section */

/* Begin PBXShellScriptBuildPhase section */
		40FAAF47AA210E64751E86D7 /* [CP] Check Pods Manifest.lock */ = {
			isa = PBXShellScriptBuildPhase;
			buildActionMask = 2147483647;
			files = (
			);
			inputFileListPaths = (
			);
			inputPaths = (
				"${PODS_PODFILE_DIR_PATH}/Podfile.lock",
				"${PODS_ROOT}/Manifest.lock",
			);
			name = "[CP] Check Pods Manifest.lock";
			outputFileListPaths = (
			);
			outputPaths = (
				"$(DERIVED_FILE_DIR)/Pods-JSONPerformance-JSONPerformanceUITests-checkManifestLockResult.txt",
			);
			runOnlyForDeploymentPostprocessing = 0;
			shellPath = /bin/sh;
			shellScript = "diff \"${PODS_PODFILE_DIR_PATH}/Podfile.lock\" \"${PODS_ROOT}/Manifest.lock\" > /dev/null\nif [ $? != 0 ] ; then\n    # print error to STDERR\n    echo \"error: The sandbox is not in sync with the Podfile.lock. Run 'pod install' or update your CocoaPods installation.\" >&2\n    exit 1\nfi\n# This output is used by Xcode 'outputs' to avoid re-running this script phase.\necho \"SUCCESS\" > \"${SCRIPT_OUTPUT_FILE_0}\"\n";
			showEnvVarsInLog = 0;
		};
		6B00CCF73491BCE73887A26B /* [CP] Embed Pods Frameworks */ = {
			isa = PBXShellScriptBuildPhase;
			buildActionMask = 2147483647;
			files = (
			);
			inputFileListPaths = (
				"${PODS_ROOT}/Target Support Files/Pods-JSONPerformance/Pods-JSONPerformance-frameworks-${CONFIGURATION}-input-files.xcfilelist",
			);
			name = "[CP] Embed Pods Frameworks";
			outputFileListPaths = (
				"${PODS_ROOT}/Target Support Files/Pods-JSONPerformance/Pods-JSONPerformance-frameworks-${CONFIGURATION}-output-files.xcfilelist",
			);
			runOnlyForDeploymentPostprocessing = 0;
			shellPath = /bin/sh;
			shellScript = "\"${PODS_ROOT}/Target Support Files/Pods-JSONPerformance/Pods-JSONPerformance-frameworks.sh\"\n";
			showEnvVarsInLog = 0;
		};
		7120A1CC866DDA5822A035F8 /* [CP] Check Pods Manifest.lock */ = {
			isa = PBXShellScriptBuildPhase;
			buildActionMask = 2147483647;
			files = (
			);
			inputFileListPaths = (
			);
			inputPaths = (
				"${PODS_PODFILE_DIR_PATH}/Podfile.lock",
				"${PODS_ROOT}/Manifest.lock",
			);
			name = "[CP] Check Pods Manifest.lock";
			outputFileListPaths = (
			);
			outputPaths = (
				"$(DERIVED_FILE_DIR)/Pods-JSONPerformanceTests-checkManifestLockResult.txt",
			);
			runOnlyForDeploymentPostprocessing = 0;
			shellPath = /bin/sh;
			shellScript = "diff \"${PODS_PODFILE_DIR_PATH}/Podfile.lock\" \"${PODS_ROOT}/Manifest.lock\" > /dev/null\nif [ $? != 0 ] ; then\n    # print error to STDERR\n    echo \"error: The sandbox is not in sync with the Podfile.lock. Run 'pod install' or update your CocoaPods installation.\" >&2\n    exit 1\nfi\n# This output is used by Xcode 'outputs' to avoid re-running this script phase.\necho \"SUCCESS\" > \"${SCRIPT_OUTPUT_FILE_0}\"\n";
			showEnvVarsInLog = 0;
		};
		A06426355EC41B7D80A2C56B /* [CP] Embed Pods Frameworks */ = {
			isa = PBXShellScriptBuildPhase;
			buildActionMask = 2147483647;
			files = (
			);
			inputFileListPaths = (
				"${PODS_ROOT}/Target Support Files/Pods-JSONPerformanceTests/Pods-JSONPerformanceTests-frameworks-${CONFIGURATION}-input-files.xcfilelist",
			);
			name = "[CP] Embed Pods Frameworks";
			outputFileListPaths = (
				"${PODS_ROOT}/Target Support Files/Pods-JSONPerformanceTests/Pods-JSONPerformanceTests-frameworks-${CONFIGURATION}-output-files.xcfilelist",
			);
			runOnlyForDeploymentPostprocessing = 0;
			shellPath = /bin/sh;
			shellScript = "\"${PODS_ROOT}/Target Support Files/Pods-JSONPerformanceTests/Pods-JSONPerformanceTests-frameworks.sh\"\n";
			showEnvVarsInLog = 0;
		};
		D5D707E7E43C86CD071A0673 /* [CP] Check Pods Manifest.lock */ = {
			isa = PBXShellScriptBuildPhase;
			buildActionMask = 2147483647;
			files = (
			);
			inputFileListPaths = (
			);
			inputPaths = (
				"${PODS_PODFILE_DIR_PATH}/Podfile.lock",
				"${PODS_ROOT}/Manifest.lock",
			);
			name = "[CP] Check Pods Manifest.lock";
			outputFileListPaths = (
			);
			outputPaths = (
				"$(DERIVED_FILE_DIR)/Pods-JSONPerformance-checkManifestLockResult.txt",
			);
			runOnlyForDeploymentPostprocessing = 0;
			shellPath = /bin/sh;
			shellScript = "diff \"${PODS_PODFILE_DIR_PATH}/Podfile.lock\" \"${PODS_ROOT}/Manifest.lock\" > /dev/null\nif [ $? != 0 ] ; then\n    # print error to STDERR\n    echo \"error: The sandbox is not in sync with the Podfile.lock. Run 'pod install' or update your CocoaPods installation.\" >&2\n    exit 1\nfi\n# This output is used by Xcode 'outputs' to avoid re-running this script phase.\necho \"SUCCESS\" > \"${SCRIPT_OUTPUT_FILE_0}\"\n";
			showEnvVarsInLog = 0;
		};
		EA367CE5A414F0D6AB703C20 /* [CP] Embed Pods Frameworks */ = {
			isa = PBXShellScriptBuildPhase;
			buildActionMask = 2147483647;
			files = (
			);
			inputFileListPaths = (
				"${PODS_ROOT}/Target Support Files/Pods-JSONPerformance-JSONPerformanceUITests/Pods-JSONPerformance-JSONPerformanceUITests-frameworks-${CONFIGURATION}-input-files.xcfilelist",
			);
			name = "[CP] Embed Pods Frameworks";
			outputFileListPaths = (
				"${PODS_ROOT}/Target Support Files/Pods-JSONPerformance-JSONPerformanceUITests/Pods-JSONPerformance-JSONPerformanceUITests-frameworks-${CONFIGURATION}-output-files.xcfilelist",
			);
			runOnlyForDeploymentPostprocessing = 0;
			shellPath = /bin/sh;
			shellScript = "\"${PODS_ROOT}/Target Support Files/Pods-JSONPerformance-JSONPerformanceUITests/Pods-JSONPerformance-JSONPerformanceUITests-frameworks.sh\"\n";
			showEnvVarsInLog = 0;
		};
/* End PBXShellScriptBuildPhase section */

/* Begin PBXSourcesBuildPhase section */
		302E8DBC269360B4007D029C /* Sources */ = {
			isa = PBXSourcesBuildPhase;
			buildActionMask = 2147483647;
			files = (
				302E8DC8269360B4007D029C /* ViewController.swift in Sources */,
				302E8DC4269360B4007D029C /* AppDelegate.swift in Sources */,
				302E8DC6269360B4007D029C /* SceneDelegate.swift in Sources */,
			);
			runOnlyForDeploymentPostprocessing = 0;
		};
		302E8DD2269360B5007D029C /* Sources */ = {
			isa = PBXSourcesBuildPhase;
			buildActionMask = 2147483647;
			files = (
				302E8DDB269360B5007D029C /* JSONPerformanceTests.swift in Sources */,
			);
			runOnlyForDeploymentPostprocessing = 0;
		};
		302E8DDD269360B5007D029C /* Sources */ = {
			isa = PBXSourcesBuildPhase;
			buildActionMask = 2147483647;
			files = (
				302E8DE6269360B5007D029C /* JSONPerformanceUITests.swift in Sources */,
			);
			runOnlyForDeploymentPostprocessing = 0;
		};
/* End PBXSourcesBuildPhase section */

/* Begin PBXTargetDependency section */
		302E8DD8269360B5007D029C /* PBXTargetDependency */ = {
			isa = PBXTargetDependency;
			target = 302E8DBF269360B4007D029C /* JSONPerformance */;
			targetProxy = 302E8DD7269360B5007D029C /* PBXContainerItemProxy */;
		};
		302E8DE3269360B5007D029C /* PBXTargetDependency */ = {
			isa = PBXTargetDependency;
			target = 302E8DBF269360B4007D029C /* JSONPerformance */;
			targetProxy = 302E8DE2269360B5007D029C /* PBXContainerItemProxy */;
		};
/* End PBXTargetDependency section */

/* Begin PBXVariantGroup section */
		302E8DC9269360B4007D029C /* Main.storyboard */ = {
			isa = PBXVariantGroup;
			children = (
				302E8DCA269360B4007D029C /* Base */,
			);
			name = Main.storyboard;
			sourceTree = "<group>";
		};
		302E8DCE269360B4007D029C /* LaunchScreen.storyboard */ = {
			isa = PBXVariantGroup;
			children = (
				302E8DCF269360B4007D029C /* Base */,
			);
			name = LaunchScreen.storyboard;
			sourceTree = "<group>";
		};
/* End PBXVariantGroup section */

/* Begin XCBuildConfiguration section */
		302E8DE8269360B5007D029C /* Debug */ = {
			isa = XCBuildConfiguration;
			buildSettings = {
				ALWAYS_SEARCH_USER_PATHS = NO;
				CLANG_ANALYZER_NONNULL = YES;
				CLANG_ANALYZER_NUMBER_OBJECT_CONVERSION = YES_AGGRESSIVE;
				CLANG_CXX_LANGUAGE_STANDARD = "gnu++14";
				CLANG_CXX_LIBRARY = "libc++";
				CLANG_ENABLE_MODULES = YES;
				CLANG_ENABLE_OBJC_ARC = YES;
				CLANG_ENABLE_OBJC_WEAK = YES;
				CLANG_WARN_BLOCK_CAPTURE_AUTORELEASING = YES;
				CLANG_WARN_BOOL_CONVERSION = YES;
				CLANG_WARN_COMMA = YES;
				CLANG_WARN_CONSTANT_CONVERSION = YES;
				CLANG_WARN_DEPRECATED_OBJC_IMPLEMENTATIONS = YES;
				CLANG_WARN_DIRECT_OBJC_ISA_USAGE = YES_ERROR;
				CLANG_WARN_DOCUMENTATION_COMMENTS = YES;
				CLANG_WARN_EMPTY_BODY = YES;
				CLANG_WARN_ENUM_CONVERSION = YES;
				CLANG_WARN_INFINITE_RECURSION = YES;
				CLANG_WARN_INT_CONVERSION = YES;
				CLANG_WARN_NON_LITERAL_NULL_CONVERSION = YES;
				CLANG_WARN_OBJC_IMPLICIT_RETAIN_SELF = YES;
				CLANG_WARN_OBJC_LITERAL_CONVERSION = YES;
				CLANG_WARN_OBJC_ROOT_CLASS = YES_ERROR;
				CLANG_WARN_QUOTED_INCLUDE_IN_FRAMEWORK_HEADER = YES;
				CLANG_WARN_RANGE_LOOP_ANALYSIS = YES;
				CLANG_WARN_STRICT_PROTOTYPES = YES;
				CLANG_WARN_SUSPICIOUS_MOVE = YES;
				CLANG_WARN_UNGUARDED_AVAILABILITY = YES_AGGRESSIVE;
				CLANG_WARN_UNREACHABLE_CODE = YES;
				CLANG_WARN__DUPLICATE_METHOD_MATCH = YES;
				COPY_PHASE_STRIP = NO;
				DEBUG_INFORMATION_FORMAT = dwarf;
				ENABLE_STRICT_OBJC_MSGSEND = YES;
				ENABLE_TESTABILITY = YES;
				GCC_C_LANGUAGE_STANDARD = gnu11;
				GCC_DYNAMIC_NO_PIC = NO;
				GCC_NO_COMMON_BLOCKS = YES;
				GCC_OPTIMIZATION_LEVEL = 0;
				GCC_PREPROCESSOR_DEFINITIONS = (
					"DEBUG=1",
					"$(inherited)",
				);
				GCC_WARN_64_TO_32_BIT_CONVERSION = YES;
				GCC_WARN_ABOUT_RETURN_TYPE = YES_ERROR;
				GCC_WARN_UNDECLARED_SELECTOR = YES;
				GCC_WARN_UNINITIALIZED_AUTOS = YES_AGGRESSIVE;
				GCC_WARN_UNUSED_FUNCTION = YES;
				GCC_WARN_UNUSED_VARIABLE = YES;
				IPHONEOS_DEPLOYMENT_TARGET = 14.5;
				MTL_ENABLE_DEBUG_INFO = INCLUDE_SOURCE;
				MTL_FAST_MATH = YES;
				ONLY_ACTIVE_ARCH = YES;
				SDKROOT = iphoneos;
				SWIFT_ACTIVE_COMPILATION_CONDITIONS = DEBUG;
				SWIFT_OPTIMIZATION_LEVEL = "-Onone";
			};
			name = Debug;
		};
		302E8DE9269360B5007D029C /* Release */ = {
			isa = XCBuildConfiguration;
			buildSettings = {
				ALWAYS_SEARCH_USER_PATHS = NO;
				CLANG_ANALYZER_NONNULL = YES;
				CLANG_ANALYZER_NUMBER_OBJECT_CONVERSION = YES_AGGRESSIVE;
				CLANG_CXX_LANGUAGE_STANDARD = "gnu++14";
				CLANG_CXX_LIBRARY = "libc++";
				CLANG_ENABLE_MODULES = YES;
				CLANG_ENABLE_OBJC_ARC = YES;
				CLANG_ENABLE_OBJC_WEAK = YES;
				CLANG_WARN_BLOCK_CAPTURE_AUTORELEASING = YES;
				CLANG_WARN_BOOL_CONVERSION = YES;
				CLANG_WARN_COMMA = YES;
				CLANG_WARN_CONSTANT_CONVERSION = YES;
				CLANG_WARN_DEPRECATED_OBJC_IMPLEMENTATIONS = YES;
				CLANG_WARN_DIRECT_OBJC_ISA_USAGE = YES_ERROR;
				CLANG_WARN_DOCUMENTATION_COMMENTS = YES;
				CLANG_WARN_EMPTY_BODY = YES;
				CLANG_WARN_ENUM_CONVERSION = YES;
				CLANG_WARN_INFINITE_RECURSION = YES;
				CLANG_WARN_INT_CONVERSION = YES;
				CLANG_WARN_NON_LITERAL_NULL_CONVERSION = YES;
				CLANG_WARN_OBJC_IMPLICIT_RETAIN_SELF = YES;
				CLANG_WARN_OBJC_LITERAL_CONVERSION = YES;
				CLANG_WARN_OBJC_ROOT_CLASS = YES_ERROR;
				CLANG_WARN_QUOTED_INCLUDE_IN_FRAMEWORK_HEADER = YES;
				CLANG_WARN_RANGE_LOOP_ANALYSIS = YES;
				CLANG_WARN_STRICT_PROTOTYPES = YES;
				CLANG_WARN_SUSPICIOUS_MOVE = YES;
				CLANG_WARN_UNGUARDED_AVAILABILITY = YES_AGGRESSIVE;
				CLANG_WARN_UNREACHABLE_CODE = YES;
				CLANG_WARN__DUPLICATE_METHOD_MATCH = YES;
				COPY_PHASE_STRIP = NO;
				DEBUG_INFORMATION_FORMAT = "dwarf-with-dsym";
				ENABLE_NS_ASSERTIONS = NO;
				ENABLE_STRICT_OBJC_MSGSEND = YES;
				GCC_C_LANGUAGE_STANDARD = gnu11;
				GCC_NO_COMMON_BLOCKS = YES;
				GCC_WARN_64_TO_32_BIT_CONVERSION = YES;
				GCC_WARN_ABOUT_RETURN_TYPE = YES_ERROR;
				GCC_WARN_UNDECLARED_SELECTOR = YES;
				GCC_WARN_UNINITIALIZED_AUTOS = YES_AGGRESSIVE;
				GCC_WARN_UNUSED_FUNCTION = YES;
				GCC_WARN_UNUSED_VARIABLE = YES;
				IPHONEOS_DEPLOYMENT_TARGET = 14.5;
				MTL_ENABLE_DEBUG_INFO = NO;
				MTL_FAST_MATH = YES;
				SDKROOT = iphoneos;
				SWIFT_COMPILATION_MODE = wholemodule;
				SWIFT_OPTIMIZATION_LEVEL = "-O";
				VALIDATE_PRODUCT = YES;
			};
			name = Release;
		};
		302E8DEB269360B5007D029C /* Debug */ = {
			isa = XCBuildConfiguration;
			baseConfigurationReference = 91F7C2444CAC4D18D8322CA8 /* Pods-JSONPerformance.debug.xcconfig */;
			buildSettings = {
				ASSETCATALOG_COMPILER_APPICON_NAME = AppIcon;
				ASSETCATALOG_COMPILER_GLOBAL_ACCENT_COLOR_NAME = AccentColor;
				CODE_SIGN_STYLE = Automatic;
				INFOPLIST_FILE = JSONPerformance/Info.plist;
				LD_RUNPATH_SEARCH_PATHS = (
					"$(inherited)",
					"@executable_path/Frameworks",
				);
				PRODUCT_BUNDLE_IDENTIFIER = liyafly.JSONPerformance;
				PRODUCT_NAME = "$(TARGET_NAME)";
				SWIFT_VERSION = 5.0;
				TARGETED_DEVICE_FAMILY = "1,2";
			};
			name = Debug;
		};
		302E8DEC269360B5007D029C /* Release */ = {
			isa = XCBuildConfiguration;
			baseConfigurationReference = CECEDB1C9DF68F265B43E363 /* Pods-JSONPerformance.release.xcconfig */;
			buildSettings = {
				ASSETCATALOG_COMPILER_APPICON_NAME = AppIcon;
				ASSETCATALOG_COMPILER_GLOBAL_ACCENT_COLOR_NAME = AccentColor;
				CODE_SIGN_STYLE = Automatic;
				INFOPLIST_FILE = JSONPerformance/Info.plist;
				LD_RUNPATH_SEARCH_PATHS = (
					"$(inherited)",
					"@executable_path/Frameworks",
				);
				PRODUCT_BUNDLE_IDENTIFIER = liyafly.JSONPerformance;
				PRODUCT_NAME = "$(TARGET_NAME)";
				SWIFT_VERSION = 5.0;
				TARGETED_DEVICE_FAMILY = "1,2";
			};
			name = Release;
		};
		302E8DEE269360B5007D029C /* Debug */ = {
			isa = XCBuildConfiguration;
			baseConfigurationReference = AC45713096D633022F78D949 /* Pods-JSONPerformanceTests.debug.xcconfig */;
			buildSettings = {
				ALWAYS_EMBED_SWIFT_STANDARD_LIBRARIES = YES;
				BUNDLE_LOADER = "$(TEST_HOST)";
				CODE_SIGN_STYLE = Automatic;
				INFOPLIST_FILE = JSONPerformanceTests/Info.plist;
				IPHONEOS_DEPLOYMENT_TARGET = 14.5;
				LD_RUNPATH_SEARCH_PATHS = (
					"$(inherited)",
					"@executable_path/Frameworks",
					"@loader_path/Frameworks",
				);
				PRODUCT_BUNDLE_IDENTIFIER = liyafly.JSONPerformanceTests;
				PRODUCT_NAME = "$(TARGET_NAME)";
				SWIFT_VERSION = 5.0;
				TARGETED_DEVICE_FAMILY = "1,2";
				TEST_HOST = "$(BUILT_PRODUCTS_DIR)/JSONPerformance.app/JSONPerformance";
			};
			name = Debug;
		};
		302E8DEF269360B5007D029C /* Release */ = {
			isa = XCBuildConfiguration;
			baseConfigurationReference = 16B8FF16673D665D6B9CED3C /* Pods-JSONPerformanceTests.release.xcconfig */;
			buildSettings = {
				ALWAYS_EMBED_SWIFT_STANDARD_LIBRARIES = YES;
				BUNDLE_LOADER = "$(TEST_HOST)";
				CODE_SIGN_STYLE = Automatic;
				INFOPLIST_FILE = JSONPerformanceTests/Info.plist;
				IPHONEOS_DEPLOYMENT_TARGET = 14.5;
				LD_RUNPATH_SEARCH_PATHS = (
					"$(inherited)",
					"@executable_path/Frameworks",
					"@loader_path/Frameworks",
				);
				PRODUCT_BUNDLE_IDENTIFIER = liyafly.JSONPerformanceTests;
				PRODUCT_NAME = "$(TARGET_NAME)";
				SWIFT_VERSION = 5.0;
				TARGETED_DEVICE_FAMILY = "1,2";
				TEST_HOST = "$(BUILT_PRODUCTS_DIR)/JSONPerformance.app/JSONPerformance";
			};
			name = Release;
		};
		302E8DF1269360B5007D029C /* Debug */ = {
			isa = XCBuildConfiguration;
			baseConfigurationReference = 9B9C543E710B12CD9A26412A /* Pods-JSONPerformance-JSONPerformanceUITests.debug.xcconfig */;
			buildSettings = {
				ALWAYS_EMBED_SWIFT_STANDARD_LIBRARIES = YES;
				CODE_SIGN_STYLE = Automatic;
				INFOPLIST_FILE = JSONPerformanceUITests/Info.plist;
				LD_RUNPATH_SEARCH_PATHS = (
					"$(inherited)",
					"@executable_path/Frameworks",
					"@loader_path/Frameworks",
				);
				PRODUCT_BUNDLE_IDENTIFIER = liyafly.JSONPerformanceUITests;
				PRODUCT_NAME = "$(TARGET_NAME)";
				SWIFT_VERSION = 5.0;
				TARGETED_DEVICE_FAMILY = "1,2";
				TEST_TARGET_NAME = JSONPerformance;
			};
			name = Debug;
		};
		302E8DF2269360B5007D029C /* Release */ = {
			isa = XCBuildConfiguration;
			baseConfigurationReference = F48A768881C54939C0003DF0 /* Pods-JSONPerformance-JSONPerformanceUITests.release.xcconfig */;
			buildSettings = {
				ALWAYS_EMBED_SWIFT_STANDARD_LIBRARIES = YES;
				CODE_SIGN_STYLE = Automatic;
				INFOPLIST_FILE = JSONPerformanceUITests/Info.plist;
				LD_RUNPATH_SEARCH_PATHS = (
					"$(inherited)",
					"@executable_path/Frameworks",
					"@loader_path/Frameworks",
				);
				PRODUCT_BUNDLE_IDENTIFIER = liyafly.JSONPerformanceUITests;
				PRODUCT_NAME = "$(TARGET_NAME)";
				SWIFT_VERSION = 5.0;
				TARGETED_DEVICE_FAMILY = "1,2";
				TEST_TARGET_NAME = JSONPerformance;
			};
			name = Release;
		};
/* End XCBuildConfiguration section */

/* Begin XCConfigurationList section */
		302E8DBB269360B4007D029C /* Build configuration list for PBXProject "JSONPerformance" */ = {
			isa = XCConfigurationList;
			buildConfigurations = (
				302E8DE8269360B5007D029C /* Debug */,
				302E8DE9269360B5007D029C /* Release */,
			);
			defaultConfigurationIsVisible = 0;
			defaultConfigurationName = Release;
		};
		302E8DEA269360B5007D029C /* Build configuration list for PBXNativeTarget "JSONPerformance" */ = {
			isa = XCConfigurationList;
			buildConfigurations = (
				302E8DEB269360B5007D029C /* Debug */,
				302E8DEC269360B5007D029C /* Release */,
			);
			defaultConfigurationIsVisible = 0;
			defaultConfigurationName = Release;
		};
		302E8DED269360B5007D029C /* Build configuration list for PBXNativeTarget "JSONPerformanceTests" */ = {
			isa = XCConfigurationList;
			buildConfigurations = (
				302E8DEE269360B5007D029C /* Debug */,
				302E8DEF269360B5007D029C /* Release */,
			);
			defaultConfigurationIsVisible = 0;
			defaultConfigurationName = Release;
		};
		302E8DF0269360B5007D029C /* Build configuration list for PBXNativeTarget "JSONPerformanceUITests" */ = {
			isa = XCConfigurationList;
			buildConfigurations = (
				302E8DF1269360B5007D029C /* Debug */,
				302E8DF2269360B5007D029C /* Release */,
			);
			defaultConfigurationIsVisible = 0;
			defaultConfigurationName = Release;
		};
/* End XCConfigurationList section */
	};
	rootObject = 302E8DB8269360B4007D029C /* Project object */;
}
